{
	"requires": true,
	"lockfileVersion": 1,
	"dependencies": {
		"ansi-regex": {
			"version": "3.0.0",
			"resolved": "https://registry.npmjs.org/ansi-regex/-/ansi-regex-3.0.0.tgz",
			"integrity": "sha1-7QMXwyIGT3lGbAKWa922Bas32Zg="
		},
		"argparse": {
			"version": "1.0.9",
			"resolved": "https://registry.npmjs.org/argparse/-/argparse-1.0.9.tgz",
			"integrity": "sha1-c9g7wmP4bpf4zE9rrhsOkKfSLIY=",
			"requires": {
				"sprintf-js": "1.0.3"
			}
		},
		"babel-runtime": {
			"version": "6.26.0",
			"resolved": "https://registry.npmjs.org/babel-runtime/-/babel-runtime-6.26.0.tgz",
			"integrity": "sha1-llxwWGaOgrVde/4E/yM3vItWR/4=",
			"requires": {
				"core-js": "2.5.3",
				"regenerator-runtime": "0.11.1"
			}
		},
		"balanced-match": {
			"version": "1.0.0",
			"resolved": "https://registry.npmjs.org/balanced-match/-/balanced-match-1.0.0.tgz",
			"integrity": "sha1-ibTRmasr7kneFk6gK4nORi1xt2c="
		},
		"brace-expansion": {
			"version": "1.1.11",
			"resolved": "https://registry.npmjs.org/brace-expansion/-/brace-expansion-1.1.11.tgz",
			"integrity": "sha512-iCuPHDFgrHX7H2vEI/5xpz07zSHB00TpugqhmYtVmMO6518mCuRMoOYFldEBl0g187ufozdaHgWKcYFb61qGiA==",
			"requires": {
				"balanced-match": "1.0.0",
				"concat-map": "0.0.1"
			}
		},
		"camelcase": {
			"version": "4.1.0",
			"resolved": "https://registry.npmjs.org/camelcase/-/camelcase-4.1.0.tgz",
			"integrity": "sha1-1UVjW+HjPFQmScaRc+Xeas+uNN0="
		},
		"cliui": {
			"version": "4.0.0",
			"resolved": "https://registry.npmjs.org/cliui/-/cliui-4.0.0.tgz",
			"integrity": "sha512-nY3W5Gu2racvdDk//ELReY+dHjb9PlIcVDFXP72nVIhq2Gy3LuVXYwJoPVudwQnv1shtohpgkdCKT2YaKY0CKw==",
			"requires": {
				"string-width": "2.1.1",
				"strip-ansi": "4.0.0",
				"wrap-ansi": "2.1.0"
			}
		},
		"code-point-at": {
			"version": "1.1.0",
			"resolved": "https://registry.npmjs.org/code-point-at/-/code-point-at-1.1.0.tgz",
			"integrity": "sha1-DQcLTQQ6W+ozovGkDi7bPZpMz3c="
		},
		"common-tags": {
			"version": "1.7.2",
			"resolved": "https://registry.npmjs.org/common-tags/-/common-tags-1.7.2.tgz",
			"integrity": "sha512-joj9ZlUOjCrwdbmiLqafeUSgkUM74NqhLsZtSqDmhKudaIY197zTrb8JMl31fMnCUuxwFT23eC/oWvrZzDLRJQ==",
			"requires": {
				"babel-runtime": "6.26.0"
			}
		},
		"concat-map": {
			"version": "0.0.1",
			"resolved": "https://registry.npmjs.org/concat-map/-/concat-map-0.0.1.tgz",
			"integrity": "sha1-2Klr13/Wjfd5OnMDajug1UBdR3s="
		},
		"core-js": {
			"version": "2.5.3",
			"resolved": "https://registry.npmjs.org/core-js/-/core-js-2.5.3.tgz",
			"integrity": "sha1-isw4NFgk8W2DZbfJtCWRaOjtYD4="
		},
		"cross-fetch": {
			"version": "1.1.1",
			"resolved": "https://registry.npmjs.org/cross-fetch/-/cross-fetch-1.1.1.tgz",
			"integrity": "sha512-+VJE04+UfxxmBfcnmAu/lKor53RUCx/1ilOti4p+JgrnLQ4AZZIRoe2OEd76VaHyWQmQxqKnV+TaqjHC4r0HWw==",
			"requires": {
				"node-fetch": "1.7.3",
				"whatwg-fetch": "2.0.3"
			}
		},
		"cross-spawn": {
			"version": "5.1.0",
			"resolved": "https://registry.npmjs.org/cross-spawn/-/cross-spawn-5.1.0.tgz",
			"integrity": "sha1-6L0O/uWPz/b4+UUQoKVUu/ojVEk=",
			"requires": {
				"lru-cache": "4.1.1",
				"shebang-command": "1.2.0",
				"which": "1.3.0"
			}
		},
		"decamelize": {
			"version": "1.2.0",
			"resolved": "https://registry.npmjs.org/decamelize/-/decamelize-1.2.0.tgz",
			"integrity": "sha1-9lNNFRSCabIDUue+4m9QH5oZEpA="
		},
		"encoding": {
			"version": "0.1.12",
			"resolved": "https://registry.npmjs.org/encoding/-/encoding-0.1.12.tgz",
			"integrity": "sha1-U4tm8+5izRq1HsMjgp0flIDHS+s=",
			"requires": {
				"iconv-lite": "0.4.19"
			}
		},
		"esprima": {
			"version": "4.0.0",
			"resolved": "https://registry.npmjs.org/esprima/-/esprima-4.0.0.tgz",
			"integrity": "sha512-oftTcaMu/EGrEIu904mWteKIv8vMuOgGYo7EhVJJN00R/EED9DCua/xxHRdYnKtcECzVg7xOWhflvJMnqcFZjw=="
		},
		"execa": {
			"version": "0.7.0",
			"resolved": "https://registry.npmjs.org/execa/-/execa-0.7.0.tgz",
			"integrity": "sha1-lEvs00zEHuMqY6n68nrVpl/Fl3c=",
			"requires": {
				"cross-spawn": "5.1.0",
				"get-stream": "3.0.0",
				"is-stream": "1.1.0",
				"npm-run-path": "2.0.2",
				"p-finally": "1.0.0",
				"signal-exit": "3.0.2",
				"strip-eof": "1.0.0"
			}
		},
		"find-up": {
			"version": "2.1.0",
			"resolved": "https://registry.npmjs.org/find-up/-/find-up-2.1.0.tgz",
			"integrity": "sha1-RdG35QbHF93UgndaK3eSCjwMV6c=",
			"requires": {
				"locate-path": "2.0.0"
			}
		},
		"fs.realpath": {
			"version": "1.0.0",
			"resolved": "https://registry.npmjs.org/fs.realpath/-/fs.realpath-1.0.0.tgz",
			"integrity": "sha1-FQStJSMVjKpA20onh8sBQRmU6k8="
		},
		"get-caller-file": {
			"version": "1.0.2",
			"resolved": "https://registry.npmjs.org/get-caller-file/-/get-caller-file-1.0.2.tgz",
			"integrity": "sha1-9wLmMSfn4jHBYKgMFVSstw1QR+U="
		},
		"get-stream": {
			"version": "3.0.0",
			"resolved": "https://registry.npmjs.org/get-stream/-/get-stream-3.0.0.tgz",
			"integrity": "sha1-jpQ9E1jcN1VQVOy+LtsFqhdO3hQ="
		},
		"glob": {
			"version": "7.1.2",
			"resolved": "https://registry.npmjs.org/glob/-/glob-7.1.2.tgz",
			"integrity": "sha512-MJTUg1kjuLeQCJ+ccE4Vpa6kKVXkPYJ2mOCQyUuKLcLQsdrMCpBPUi8qVE6+YuaJkozeA9NusTAw3hLr8Xe5EQ==",
			"requires": {
				"fs.realpath": "1.0.0",
				"inflight": "1.0.6",
				"inherits": "2.0.3",
				"minimatch": "3.0.4",
				"once": "1.4.0",
				"path-is-absolute": "1.0.1"
			}
		},
		"graphql": {
			"version": "0.12.3",
			"resolved": "https://registry.npmjs.org/graphql/-/graphql-0.12.3.tgz",
			"integrity": "sha512-Hn9rdu4zacplKXNrLCvR8YFiTGnbM4Zw/UH8FDmzBDsH7ou40lSNH4tIlsxcYnz2TGNVJCpu1WxCM23yd6kzhA==",
			"requires": {
				"iterall": "1.1.3"
			}
		},
		"graphql-config": {
			"version": "1.2.1",
			"resolved": "https://registry.npmjs.org/graphql-config/-/graphql-config-1.2.1.tgz",
			"integrity": "sha512-BOtbEOn/fD13jT0peCy3Fzp1DSTsA/1AcZp266AQ5Sk3wFndKCEa/H7donbu5UriOw1V/N1WDirYPnr7rd8E7Q==",
			"requires": {
				"graphql": "0.12.3",
				"graphql-import": "0.4.3",
				"graphql-request": "1.4.1",
				"js-yaml": "3.10.0",
				"lodash": "4.17.5",
				"minimatch": "3.0.4"
			}
		},
		"graphql-import": {
			"version": "0.4.3",
			"resolved": "https://registry.npmjs.org/graphql-import/-/graphql-import-0.4.3.tgz",
			"integrity": "sha512-sPodSiWOVvJ2AKGN/9E7pYeYh55Qsq3gX4mnSlkHVyRYwk8ZpNu01XLwwFGg5hrj36sDY9vf7SHfZU8eEbd3jA==",
			"requires": {
				"graphql": "0.13.0",
				"lodash": "4.17.5"
			},
			"dependencies": {
				"graphql": {
					"version": "0.13.0",
					"resolved": "https://registry.npmjs.org/graphql/-/graphql-0.13.0.tgz",
					"integrity": "sha512-WlO+ZJT9aY3YrBT+H5Kk+eVb3OVVehB9iRD/xqeHdmrrn4AFl5FIcOpfHz/vnBr6Y6JthGMlnFqU8XRnDjSR7A==",
					"requires": {
						"iterall": "1.1.3"
					}
				}
			}
		},
		"graphql-request": {
			"version": "1.4.1",
			"resolved": "https://registry.npmjs.org/graphql-request/-/graphql-request-1.4.1.tgz",
			"integrity": "sha1-B3J0PPrI391NadNhBqlsm90ZHOg=",
			"requires": {
				"cross-fetch": "1.1.1"
			}
		},
		"iconv-lite": {
			"version": "0.4.19",
			"resolved": "https://registry.npmjs.org/iconv-lite/-/iconv-lite-0.4.19.tgz",
			"integrity": "sha512-oTZqweIP51xaGPI4uPa56/Pri/480R+mo7SeU+YETByQNhDG55ycFyNLIgta9vXhILrxXDmF7ZGhqZIcuN0gJQ=="
		},
		"inflight": {
			"version": "1.0.6",
			"resolved": "https://registry.npmjs.org/inflight/-/inflight-1.0.6.tgz",
			"integrity": "sha1-Sb1jMdfQLQwJvJEKEHW6gWW1bfk=",
			"requires": {
				"once": "1.4.0",
				"wrappy": "1.0.2"
			}
		},
		"inherits": {
			"version": "2.0.3",
			"resolved": "https://registry.npmjs.org/inherits/-/inherits-2.0.3.tgz",
			"integrity": "sha1-Yzwsg+PaQqUC9SRmAiSA9CCCYd4="
		},
		"invert-kv": {
			"version": "1.0.0",
			"resolved": "https://registry.npmjs.org/invert-kv/-/invert-kv-1.0.0.tgz",
			"integrity": "sha1-EEqOSqym09jNFXqO+L+rLXo//bY="
		},
		"is-fullwidth-code-point": {
			"version": "2.0.0",
			"resolved": "https://registry.npmjs.org/is-fullwidth-code-point/-/is-fullwidth-code-point-2.0.0.tgz",
			"integrity": "sha1-o7MKXE8ZkYMWeqq5O+764937ZU8="
		},
		"is-stream": {
			"version": "1.1.0",
			"resolved": "https://registry.npmjs.org/is-stream/-/is-stream-1.1.0.tgz",
			"integrity": "sha1-EtSj3U5o4Lec6428hBc66A2RykQ="
		},
		"isexe": {
			"version": "2.0.0",
			"resolved": "https://registry.npmjs.org/isexe/-/isexe-2.0.0.tgz",
			"integrity": "sha1-6PvzdNxVb/iUehDcsFctYz8s+hA="
		},
		"iterall": {
			"version": "1.1.3",
			"resolved": "https://registry.npmjs.org/iterall/-/iterall-1.1.3.tgz",
			"integrity": "sha512-Cu/kb+4HiNSejAPhSaN1VukdNTTi/r4/e+yykqjlG/IW+1gZH5b4+Bq3whDX4tvbYugta3r8KTMUiqT3fIGxuQ=="
		},
		"js-yaml": {
			"version": "3.10.0",
			"resolved": "https://registry.npmjs.org/js-yaml/-/js-yaml-3.10.0.tgz",
			"integrity": "sha512-O2v52ffjLa9VeM43J4XocZE//WT9N0IiwDa3KSHH7Tu8CtH+1qM8SIZvnsTh6v+4yFy5KUY3BHUVwjpfAWsjIA==",
			"requires": {
				"argparse": "1.0.9",
				"esprima": "4.0.0"
			}
		},
		"lcid": {
			"version": "1.0.0",
			"resolved": "https://registry.npmjs.org/lcid/-/lcid-1.0.0.tgz",
			"integrity": "sha1-MIrMr6C8SDo4Z7S28rlQYlHRuDU=",
			"requires": {
				"invert-kv": "1.0.0"
			}
		},
		"locate-path": {
			"version": "2.0.0",
			"resolved": "https://registry.npmjs.org/locate-path/-/locate-path-2.0.0.tgz",
			"integrity": "sha1-K1aLJl7slExtnA3pw9u7ygNUzY4=",
			"requires": {
				"p-locate": "2.0.0",
				"path-exists": "3.0.0"
			}
		},
		"lodash": {
			"version": "4.17.5",
			"resolved": "https://registry.npmjs.org/lodash/-/lodash-4.17.5.tgz",
			"integrity": "sha512-svL3uiZf1RwhH+cWrfZn3A4+U58wbP0tGVTLQPbjplZxZ8ROD9VLuNgsRniTlLe7OlSqR79RUehXgpBW/s0IQw=="
		},
		"lru-cache": {
			"version": "4.1.1",
			"resolved": "https://registry.npmjs.org/lru-cache/-/lru-cache-4.1.1.tgz",
			"integrity": "sha512-q4spe4KTfsAS1SUHLO0wz8Qiyf1+vMIAgpRYioFYDMNqKfHQbg+AVDH3i4fvpl71/P1L0dBl+fQi+P37UYf0ew==",
			"requires": {
				"pseudomap": "1.0.2",
				"yallist": "2.1.2"
			}
		},
		"mem": {
			"version": "1.1.0",
			"resolved": "https://registry.npmjs.org/mem/-/mem-1.1.0.tgz",
			"integrity": "sha1-Xt1StIXKHZAP5kiVUFOZoN+kX3Y=",
			"requires": {
				"mimic-fn": "1.2.0"
			}
		},
		"mimic-fn": {
			"version": "1.2.0",
			"resolved": "https://registry.npmjs.org/mimic-fn/-/mimic-fn-1.2.0.tgz",
			"integrity": "sha512-jf84uxzwiuiIVKiOLpfYk7N46TSy8ubTonmneY9vrpHNAnp0QBt2BxWV9dO3/j+BoVAb+a5G6YDPW3M5HOdMWQ=="
		},
		"minimatch": {
			"version": "3.0.4",
			"resolved": "https://registry.npmjs.org/minimatch/-/minimatch-3.0.4.tgz",
			"integrity": "sha512-yJHVQEhyqPLUTgt9B83PXu6W3rx4MvvHvSUvToogpwoGDOUQ+yDrR0HRot+yOCdCO7u4hX3pWft6kWBBcqh0UA==",
			"requires": {
				"brace-expansion": "1.1.11"
			}
		},
		"node-fetch": {
			"version": "1.7.3",
			"resolved": "https://registry.npmjs.org/node-fetch/-/node-fetch-1.7.3.tgz",
			"integrity": "sha512-NhZ4CsKx7cYm2vSrBAr2PvFOe6sWDf0UYLRqA6svUYg7+/TSfVAu49jYC4BvQ4Sms9SZgdqGBgroqfDhJdTyKQ==",
			"requires": {
				"encoding": "0.1.12",
				"is-stream": "1.1.0"
			}
		},
		"npm-run-path": {
			"version": "2.0.2",
			"resolved": "https://registry.npmjs.org/npm-run-path/-/npm-run-path-2.0.2.tgz",
			"integrity": "sha1-NakjLfo11wZ7TLLd8jV7GHFTbF8=",
			"requires": {
				"path-key": "2.0.1"
			}
		},
		"number-is-nan": {
			"version": "1.0.1",
			"resolved": "https://registry.npmjs.org/number-is-nan/-/number-is-nan-1.0.1.tgz",
			"integrity": "sha1-CXtgK1NCKlIsGvuHkDGDNpQaAR0="
		},
		"once": {
			"version": "1.4.0",
			"resolved": "https://registry.npmjs.org/once/-/once-1.4.0.tgz",
			"integrity": "sha1-WDsap3WWHUsROsF9nFC6753Xa9E=",
			"requires": {
				"wrappy": "1.0.2"
			}
		},
		"os-locale": {
			"version": "2.1.0",
			"resolved": "https://registry.npmjs.org/os-locale/-/os-locale-2.1.0.tgz",
			"integrity": "sha512-3sslG3zJbEYcaC4YVAvDorjGxc7tv6KVATnLPZONiljsUncvihe9BQoVCEs0RZ1kmf4Hk9OBqlZfJZWI4GanKA==",
			"requires": {
				"execa": "0.7.0",
				"lcid": "1.0.0",
				"mem": "1.1.0"
			}
		},
		"p-finally": {
			"version": "1.0.0",
			"resolved": "https://registry.npmjs.org/p-finally/-/p-finally-1.0.0.tgz",
			"integrity": "sha1-P7z7FbiZpEEjs0ttzBi3JDNqLK4="
		},
		"p-limit": {
			"version": "1.2.0",
			"resolved": "https://registry.npmjs.org/p-limit/-/p-limit-1.2.0.tgz",
			"integrity": "sha512-Y/OtIaXtUPr4/YpMv1pCL5L5ed0rumAaAeBSj12F+bSlMdys7i8oQF/GUJmfpTS/QoaRrS/k6pma29haJpsMng==",
			"requires": {
				"p-try": "1.0.0"
			}
		},
		"p-locate": {
			"version": "2.0.0",
			"resolved": "https://registry.npmjs.org/p-locate/-/p-locate-2.0.0.tgz",
			"integrity": "sha1-IKAQOyIqcMj9OcwuWAaA893l7EM=",
			"requires": {
				"p-limit": "1.2.0"
			}
		},
		"p-try": {
			"version": "1.0.0",
			"resolved": "https://registry.npmjs.org/p-try/-/p-try-1.0.0.tgz",
			"integrity": "sha1-y8ec26+P1CKOE/Yh8rGiN8GyB7M="
		},
		"path-exists": {
			"version": "3.0.0",
			"resolved": "https://registry.npmjs.org/path-exists/-/path-exists-3.0.0.tgz",
			"integrity": "sha1-zg6+ql94yxiSXqfYENe1mwEP1RU="
		},
		"path-is-absolute": {
			"version": "1.0.1",
			"resolved": "https://registry.npmjs.org/path-is-absolute/-/path-is-absolute-1.0.1.tgz",
			"integrity": "sha1-F0uSaHNVNP+8es5r9TpanhtcX18="
		},
		"path-key": {
			"version": "2.0.1",
			"resolved": "https://registry.npmjs.org/path-key/-/path-key-2.0.1.tgz",
			"integrity": "sha1-QRyttXTFoUDTpLGRDUDYDMn0C0A="
		},
		"pseudomap": {
			"version": "1.0.2",
			"resolved": "https://registry.npmjs.org/pseudomap/-/pseudomap-1.0.2.tgz",
			"integrity": "sha1-8FKijacOYYkX7wqKw0wa5aaChrM="
		},
		"regenerator-runtime": {
			"version": "0.11.1",
			"resolved": "https://registry.npmjs.org/regenerator-runtime/-/regenerator-runtime-0.11.1.tgz",
			"integrity": "sha512-MguG95oij0fC3QV3URf4V2SDYGJhJnJGqvIIgdECeODCT98wSWDAJ94SSuVpYQUoTcGUIL6L4yNB7j1DFFHSBg=="
		},
		"require-directory": {
			"version": "2.1.1",
			"resolved": "https://registry.npmjs.org/require-directory/-/require-directory-2.1.1.tgz",
			"integrity": "sha1-jGStX9MNqxyXbiNE/+f3kqam30I="
		},
		"require-main-filename": {
			"version": "1.0.1",
			"resolved": "https://registry.npmjs.org/require-main-filename/-/require-main-filename-1.0.1.tgz",
			"integrity": "sha1-l/cXtp1IeE9fUmpsWqj/3aBVpNE="
		},
		"rimraf": {
			"version": "2.6.2",
			"resolved": "https://registry.npmjs.org/rimraf/-/rimraf-2.6.2.tgz",
			"integrity": "sha512-lreewLK/BlghmxtfH36YYVg1i8IAce4TI7oao75I1g245+6BctqTVQiBP3YUJ9C6DQOXJmkYR9X9fCLtCOJc5w==",
			"requires": {
				"glob": "7.1.2"
			}
		},
		"set-blocking": {
			"version": "2.0.0",
			"resolved": "https://registry.npmjs.org/set-blocking/-/set-blocking-2.0.0.tgz",
			"integrity": "sha1-BF+XgtARrppoA93TgrJDkrPYkPc="
		},
		"shebang-command": {
			"version": "1.2.0",
			"resolved": "https://registry.npmjs.org/shebang-command/-/shebang-command-1.2.0.tgz",
			"integrity": "sha1-RKrGW2lbAzmJaMOfNj/uXer98eo=",
			"requires": {
				"shebang-regex": "1.0.0"
			}
		},
		"shebang-regex": {
			"version": "1.0.0",
			"resolved": "https://registry.npmjs.org/shebang-regex/-/shebang-regex-1.0.0.tgz",
			"integrity": "sha1-2kL0l0DAtC2yypcoVxyxkMmO/qM="
		},
		"signal-exit": {
			"version": "3.0.2",
			"resolved": "https://registry.npmjs.org/signal-exit/-/signal-exit-3.0.2.tgz",
			"integrity": "sha1-tf3AjxKH6hF4Yo5BXiUTK3NkbG0="
		},
		"sprintf-js": {
			"version": "1.0.3",
			"resolved": "https://registry.npmjs.org/sprintf-js/-/sprintf-js-1.0.3.tgz",
			"integrity": "sha1-BOaSb2YolTVPPdAVIDYzuFcpfiw="
		},
		"string-width": {
			"version": "2.1.1",
			"resolved": "https://registry.npmjs.org/string-width/-/string-width-2.1.1.tgz",
			"integrity": "sha512-nOqH59deCq9SRHlxq1Aw85Jnt4w6KvLKqWVik6oA9ZklXLNIOlqg4F2yrT1MVaTjAqvVwdfeZ7w7aCvJD7ugkw==",
			"requires": {
				"is-fullwidth-code-point": "2.0.0",
				"strip-ansi": "4.0.0"
			}
		},
		"strip-ansi": {
			"version": "4.0.0",
			"resolved": "https://registry.npmjs.org/strip-ansi/-/strip-ansi-4.0.0.tgz",
			"integrity": "sha1-qEeQIusaw2iocTibY1JixQXuNo8=",
			"requires": {
				"ansi-regex": "3.0.0"
			}
		},
		"strip-eof": {
			"version": "1.0.0",
			"resolved": "https://registry.npmjs.org/strip-eof/-/strip-eof-1.0.0.tgz",
			"integrity": "sha1-u0P/VZim6wXYm1n80SnJgzE2Br8="
		},
		"whatwg-fetch": {
			"version": "2.0.3",
			"resolved": "https://registry.npmjs.org/whatwg-fetch/-/whatwg-fetch-2.0.3.tgz",
			"integrity": "sha1-nITsLc9oGH/wC8ZOEnS0QhduHIQ="
		},
		"which": {
			"version": "1.3.0",
			"resolved": "https://registry.npmjs.org/which/-/which-1.3.0.tgz",
			"integrity": "sha512-xcJpopdamTuY5duC/KnTTNBraPK54YwpenP4lzxU8H91GudWpFv38u0CKjclE1Wi2EH2EDz5LRcHcKbCIzqGyg==",
			"requires": {
				"isexe": "2.0.0"
			}
		},
		"which-module": {
			"version": "2.0.0",
			"resolved": "https://registry.npmjs.org/which-module/-/which-module-2.0.0.tgz",
			"integrity": "sha1-2e8H3Od7mQK4o6j6SzHD4/fm6Ho="
		},
		"wrap-ansi": {
			"version": "2.1.0",
			"resolved": "https://registry.npmjs.org/wrap-ansi/-/wrap-ansi-2.1.0.tgz",
			"integrity": "sha1-2Pw9KE3QV5T+hJc8rs3Rz4JP3YU=",
			"requires": {
				"string-width": "1.0.2",
				"strip-ansi": "3.0.1"
			},
			"dependencies": {
				"ansi-regex": {
					"version": "2.1.1",
					"resolved": "https://registry.npmjs.org/ansi-regex/-/ansi-regex-2.1.1.tgz",
					"integrity": "sha1-w7M6te42DYbg5ijwRorn7yfWVN8="
				},
				"is-fullwidth-code-point": {
					"version": "1.0.0",
					"resolved": "https://registry.npmjs.org/is-fullwidth-code-point/-/is-fullwidth-code-point-1.0.0.tgz",
					"integrity": "sha1-754xOG8DGn8NZDr4L95QxFfvAMs=",
					"requires": {
						"number-is-nan": "1.0.1"
					}
				},
				"string-width": {
					"version": "1.0.2",
					"resolved": "https://registry.npmjs.org/string-width/-/string-width-1.0.2.tgz",
					"integrity": "sha1-EYvfW4zcUaKn5w0hHgfisLmxB9M=",
					"requires": {
						"code-point-at": "1.1.0",
						"is-fullwidth-code-point": "1.0.0",
						"strip-ansi": "3.0.1"
					}
				},
				"strip-ansi": {
					"version": "3.0.1",
					"resolved": "https://registry.npmjs.org/strip-ansi/-/strip-ansi-3.0.1.tgz",
					"integrity": "sha1-ajhfuIU9lS1f8F0Oiq+UJ43GPc8=",
					"requires": {
						"ansi-regex": "2.1.1"
					}
				}
			}
		},
		"wrappy": {
			"version": "1.0.2",
			"resolved": "https://registry.npmjs.org/wrappy/-/wrappy-1.0.2.tgz",
			"integrity": "sha1-tSQ9jz7BqjXxNkYFvA0QNuMKtp8="
		},
		"y18n": {
			"version": "3.2.1",
			"resolved": "https://registry.npmjs.org/y18n/-/y18n-3.2.1.tgz",
			"integrity": "sha1-bRX7qITAhnnA136I53WegR4H+kE="
		},
		"yallist": {
			"version": "2.1.2",
			"resolved": "https://registry.npmjs.org/yallist/-/yallist-2.1.2.tgz",
			"integrity": "sha1-HBH5IY8HYImkfdUS+TxmmaaoHVI="
		},
		"yargs": {
			"version": "10.1.2",
			"resolved": "https://registry.npmjs.org/yargs/-/yargs-10.1.2.tgz",
			"integrity": "sha512-ivSoxqBGYOqQVruxD35+EyCFDYNEFL/Uo6FcOnz+9xZdZzK0Zzw4r4KhbrME1Oo2gOggwJod2MnsdamSG7H9ig==",
			"requires": {
				"cliui": "4.0.0",
				"decamelize": "1.2.0",
				"find-up": "2.1.0",
				"get-caller-file": "1.0.2",
				"os-locale": "2.1.0",
				"require-directory": "2.1.1",
				"require-main-filename": "1.0.1",
				"set-blocking": "2.0.0",
				"string-width": "2.1.1",
				"which-module": "2.0.0",
				"y18n": "3.2.1",
				"yargs-parser": "8.1.0"
			}
		},
		"yargs-parser": {
			"version": "8.1.0",
			"resolved": "https://registry.npmjs.org/yargs-parser/-/yargs-parser-8.1.0.tgz",
			"integrity": "sha512-yP+6QqN8BmrgW2ggLtTbdrOyBNSI7zBa4IykmiV5R1wl1JWNxQvWhMfMdmzIYtKU7oP3OOInY/tl2ov3BDjnJQ==",
			"requires": {
				"camelcase": "4.1.0"
			}
		}
	}
}
