{
	"requires": true,
	"lockfileVersion": 1,
	"dependencies": {
		"babel-runtime": {
			"version": "6.26.0",
			"resolved": "https://registry.npmjs.org/babel-runtime/-/babel-runtime-6.26.0.tgz",
			"integrity": "sha1-llxwWGaOgrVde/4E/yM3vItWR/4=",
			"requires": {
				"core-js": "2.5.3",
				"regenerator-runtime": "0.11.1"
			}
		},
		"camel-case": {
			"version": "3.0.0",
			"resolved": "https://registry.npmjs.org/camel-case/-/camel-case-3.0.0.tgz",
			"integrity": "sha1-yjw2iKTpzzpM2nd9xNy8cTJJz3M=",
			"requires": {
				"no-case": "2.3.2",
				"upper-case": "1.1.3"
			}
		},
		"change-case": {
			"version": "3.0.1",
			"resolved": "https://registry.npmjs.org/change-case/-/change-case-3.0.1.tgz",
			"integrity": "sha1-7l9a0EFa0a2egHLPSc1M+nZgpVQ=",
			"requires": {
				"camel-case": "3.0.0",
				"constant-case": "2.0.0",
				"dot-case": "2.1.1",
				"header-case": "1.0.1",
				"is-lower-case": "1.1.3",
				"is-upper-case": "1.1.2",
				"lower-case": "1.1.4",
				"lower-case-first": "1.0.2",
				"no-case": "2.3.2",
				"param-case": "2.1.1",
				"pascal-case": "2.0.1",
				"path-case": "2.1.1",
				"sentence-case": "2.1.1",
				"snake-case": "2.1.0",
				"swap-case": "1.1.2",
				"title-case": "2.1.1",
				"upper-case": "1.1.3",
				"upper-case-first": "1.1.2"
			}
		},
		"common-tags": {
			"version": "1.7.2",
			"resolved": "https://registry.npmjs.org/common-tags/-/common-tags-1.7.2.tgz",
			"integrity": "sha512-joj9ZlUOjCrwdbmiLqafeUSgkUM74NqhLsZtSqDmhKudaIY197zTrb8JMl31fMnCUuxwFT23eC/oWvrZzDLRJQ==",
			"requires": {
				"babel-runtime": "6.26.0"
			}
		},
		"constant-case": {
			"version": "2.0.0",
			"resolved": "https://registry.npmjs.org/constant-case/-/constant-case-2.0.0.tgz",
			"integrity": "sha1-QXV2TTidP6nI7NKRhu1gBSQ7akY=",
			"requires": {
				"snake-case": "2.1.0",
				"upper-case": "1.1.3"
			}
		},
		"core-js": {
			"version": "2.5.3",
			"resolved": "https://registry.npmjs.org/core-js/-/core-js-2.5.3.tgz",
			"integrity": "sha1-isw4NFgk8W2DZbfJtCWRaOjtYD4="
		},
		"dot-case": {
			"version": "2.1.1",
			"resolved": "https://registry.npmjs.org/dot-case/-/dot-case-2.1.1.tgz",
			"integrity": "sha1-NNzzf1Co6TwrO8qLt/uRVcfaO+4=",
			"requires": {
				"no-case": "2.3.2"
			}
		},
		"graphql": {
			"version": "0.12.3",
			"resolved": "https://registry.npmjs.org/graphql/-/graphql-0.12.3.tgz",
			"integrity": "sha512-Hn9rdu4zacplKXNrLCvR8YFiTGnbM4Zw/UH8FDmzBDsH7ou40lSNH4tIlsxcYnz2TGNVJCpu1WxCM23yd6kzhA==",
			"requires": {
				"iterall": "1.1.3"
			}
		},
		"header-case": {
			"version": "1.0.1",
			"resolved": "https://registry.npmjs.org/header-case/-/header-case-1.0.1.tgz",
			"integrity": "sha1-lTWXMZfBRLCWE81l0xfvGZY70C0=",
			"requires": {
				"no-case": "2.3.2",
				"upper-case": "1.1.3"
			}
		},
		"inflected": {
			"version": "2.0.3",
			"resolved": "https://registry.npmjs.org/inflected/-/inflected-2.0.3.tgz",
			"integrity": "sha512-wi5Pr3TOxCkp3/xW7StuEF620nxM25pddjVNqrfTqcbAI0SIAgFO/PQJI3eVWaAFDKNl2jsa320S61AKfbcSjQ=="
		},
		"is-lower-case": {
			"version": "1.1.3",
			"resolved": "https://registry.npmjs.org/is-lower-case/-/is-lower-case-1.1.3.tgz",
			"integrity": "sha1-fhR75HaNxGbbO/shzGCzHmrWk5M=",
			"requires": {
				"lower-case": "1.1.4"
			}
		},
		"is-upper-case": {
			"version": "1.1.2",
			"resolved": "https://registry.npmjs.org/is-upper-case/-/is-upper-case-1.1.2.tgz",
			"integrity": "sha1-jQsfp+eTOh5YSDYA7H2WYcuvdW8=",
			"requires": {
				"upper-case": "1.1.3"
			}
		},
		"iterall": {
			"version": "1.1.3",
			"resolved": "https://registry.npmjs.org/iterall/-/iterall-1.1.3.tgz",
			"integrity": "sha512-Cu/kb+4HiNSejAPhSaN1VukdNTTi/r4/e+yykqjlG/IW+1gZH5b4+Bq3whDX4tvbYugta3r8KTMUiqT3fIGxuQ=="
		},
		"lower-case": {
			"version": "1.1.4",
			"resolved": "https://registry.npmjs.org/lower-case/-/lower-case-1.1.4.tgz",
			"integrity": "sha1-miyr0bno4K6ZOkv31YdcOcQujqw="
		},
		"lower-case-first": {
			"version": "1.0.2",
			"resolved": "https://registry.npmjs.org/lower-case-first/-/lower-case-first-1.0.2.tgz",
			"integrity": "sha1-5dp8JvKacHO+AtUrrJmA5ZIq36E=",
			"requires": {
				"lower-case": "1.1.4"
			}
		},
		"no-case": {
			"version": "2.3.2",
			"resolved": "https://registry.npmjs.org/no-case/-/no-case-2.3.2.tgz",
			"integrity": "sha512-rmTZ9kz+f3rCvK2TD1Ue/oZlns7OGoIWP4fc3llxxRXlOkHKoWPPWJOfFYpITabSow43QJbRIoHQXtt10VldyQ==",
			"requires": {
				"lower-case": "1.1.4"
			}
		},
		"param-case": {
			"version": "2.1.1",
			"resolved": "https://registry.npmjs.org/param-case/-/param-case-2.1.1.tgz",
			"integrity": "sha1-35T9jPZTHs915r75oIWPvHK+Ikc=",
			"requires": {
				"no-case": "2.3.2"
			}
		},
		"pascal-case": {
			"version": "2.0.1",
			"resolved": "https://registry.npmjs.org/pascal-case/-/pascal-case-2.0.1.tgz",
			"integrity": "sha1-LVeNNFX2YNpl7KGO+VtODekSdh4=",
			"requires": {
				"camel-case": "3.0.0",
				"upper-case-first": "1.1.2"
			}
		},
		"path-case": {
			"version": "2.1.1",
			"resolved": "https://registry.npmjs.org/path-case/-/path-case-2.1.1.tgz",
			"integrity": "sha1-lLgDfDctP+KQbkZbtF4l0ibo7qU=",
			"requires": {
				"no-case": "2.3.2"
			}
		},
		"regenerator-runtime": {
			"version": "0.11.1",
			"resolved": "https://registry.npmjs.org/regenerator-runtime/-/regenerator-runtime-0.11.1.tgz",
			"integrity": "sha512-MguG95oij0fC3QV3URf4V2SDYGJhJnJGqvIIgdECeODCT98wSWDAJ94SSuVpYQUoTcGUIL6L4yNB7j1DFFHSBg=="
		},
		"sentence-case": {
			"version": "2.1.1",
			"resolved": "https://registry.npmjs.org/sentence-case/-/sentence-case-2.1.1.tgz",
			"integrity": "sha1-H24t2jnBaL+S0T+G1KkYkz9mftQ=",
			"requires": {
				"no-case": "2.3.2",
				"upper-case-first": "1.1.2"
			}
		},
		"snake-case": {
			"version": "2.1.0",
			"resolved": "https://registry.npmjs.org/snake-case/-/snake-case-2.1.0.tgz",
			"integrity": "sha1-Qb2xtz8w7GagTU4srRt2OH1NbZ8=",
			"requires": {
				"no-case": "2.3.2"
			}
		},
		"swap-case": {
			"version": "1.1.2",
			"resolved": "https://registry.npmjs.org/swap-case/-/swap-case-1.1.2.tgz",
			"integrity": "sha1-w5IDpFhzhfrTyFCgvRvK+ggZdOM=",
			"requires": {
				"lower-case": "1.1.4",
				"upper-case": "1.1.3"
			}
		},
		"title-case": {
			"version": "2.1.1",
			"resolved": "https://registry.npmjs.org/title-case/-/title-case-2.1.1.tgz",
			"integrity": "sha1-PhJyFtpY0rxb7PE3q5Ha46fNj6o=",
			"requires": {
				"no-case": "2.3.2",
				"upper-case": "1.1.3"
			}
		},
		"upper-case": {
			"version": "1.1.3",
			"resolved": "https://registry.npmjs.org/upper-case/-/upper-case-1.1.3.tgz",
			"integrity": "sha1-9rRQHC7EzdJrp4vnIilh3ndiFZg="
		},
		"upper-case-first": {
			"version": "1.1.2",
			"resolved": "https://registry.npmjs.org/upper-case-first/-/upper-case-first-1.1.2.tgz",
			"integrity": "sha1-XXm+3P8UQZUY/S7bCgUHybaFkRU=",
			"requires": {
				"upper-case": "1.1.3"
			}
		}
	}
}
