{
  "name": "apollo",
  "version": "2.0.17",
  "lockfileVersion": 1,
  "requires": true,
  "dependencies": {
    "@oclif/color": {
      "version": "0.0.0",
      "resolved": "https://registry.npmjs.org/@oclif/color/-/color-0.0.0.tgz",
      "integrity": "sha512-KKd3W7eNwfNF061tr663oUNdt8EMnfuyf5Xv55SGWA1a0rjhWqS/32P7OeB7CbXcJUBdfVrPyR//1afaW12AWw==",
      "requires": {
        "ansi-styles": "^3.2.1",
        "supports-color": "^5.4.0",
        "tslib": "^1"
      }
    },
    "@oclif/errors": {
      "version": "1.2.2",
      "resolved": "https://registry.npmjs.org/@oclif/errors/-/errors-1.2.2.tgz",
      "integrity": "sha512-Eq8BFuJUQcbAPVofDxwdE0bL14inIiwt5EaKRVY9ZDIG11jwdXZqiQEECJx0VfnLyUZdYfRd/znDI/MytdJoKg==",
      "requires": {
        "clean-stack": "^1.3.0",
        "fs-extra": "^7.0.0",
        "indent-string": "^3.2.0",
        "strip-ansi": "^5.0.0",
        "wrap-ansi": "^4.0.0"
      },
      "dependencies": {
        "fs-extra": {
          "version": "7.0.0",
          "resolved": "https://registry.npmjs.org/fs-extra/-/fs-extra-7.0.0.tgz",
          "integrity": "sha512-EglNDLRpmaTWiD/qraZn6HREAEAHJcJOmxNEYwq6xeMKnVMAy3GUcFB+wXt2C6k4CNvB/mP1y/U3dzvKKj5OtQ==",
          "requires": {
            "graceful-fs": "^4.1.2",
            "jsonfile": "^4.0.0",
            "universalify": "^0.1.0"
          }
        }
      }
    },
    "@oclif/linewrap": {
      "version": "1.0.0",
      "resolved": "https://registry.npmjs.org/@oclif/linewrap/-/linewrap-1.0.0.tgz",
      "integrity": "sha512-Ups2dShK52xXa8w6iBWLgcjPJWjais6KPJQq3gQ/88AY6BXoTX+MIGFPrWQO1KLMiQfoTpcLnUwloN4brrVUHw=="
    },
    "@oclif/parser": {
      "version": "3.7.0",
      "resolved": "https://registry.npmjs.org/@oclif/parser/-/parser-3.7.0.tgz",
      "integrity": "sha512-CtRbCBJQ8prt9o3nCTSRi/UEw68t7mUf19vu3QKbh6sGc6BkD7OAX6Hfjxif636LSlR+N8eh3PELw9SxHdJcbQ==",
      "requires": {
        "@oclif/linewrap": "^1.0.0",
        "chalk": "^2.4.1",
        "tslib": "^1.9.3"
      },
      "dependencies": {
        "chalk": {
          "version": "2.4.1",
          "resolved": "https://registry.npmjs.org/chalk/-/chalk-2.4.1.tgz",
          "integrity": "sha512-ObN6h1v2fTJSmUXoS3nMQ92LbDK9be4TV+6G+omQlGJFdcUX5heKi1LZ1YnRMIgwTLEj3E24bT6tYni50rlCfQ==",
          "requires": {
            "ansi-styles": "^3.2.1",
            "escape-string-regexp": "^1.0.5",
            "supports-color": "^5.3.0"
          }
        }
      }
    },
    "@oclif/plugin-autocomplete": {
      "version": "0.1.0",
      "resolved": "https://registry.npmjs.org/@oclif/plugin-autocomplete/-/plugin-autocomplete-0.1.0.tgz",
      "integrity": "sha512-Dz2dGyBoOUcv6/gqr9qaG7KTIkYxILL0MvMVwlhkS0f6UqCsh8fC3adYTr8BeIPQmUqWkACtC7bYp9DyQ8m2Jw==",
      "requires": {
        "@oclif/command": "^1.4.31",
        "@oclif/config": "^1.6.22",
        "@types/fs-extra": "^5.0.2",
        "chalk": "^2.4.1",
        "cli-ux": "^4.4.0",
        "debug": "^3.1.0",
        "fs-extra": "^6.0.1",
        "moment": "^2.22.1"
      },
      "dependencies": {
        "@oclif/command": {
          "version": "1.5.4",
          "resolved": "https://registry.npmjs.org/@oclif/command/-/command-1.5.4.tgz",
          "integrity": "sha512-R76o9r2nMYLmpiRyEGDyIlwWIs5n+7aL6TncnqHCtjk990bN4ax5GyKf1S/+vw+2GswwOzNJ/wvxy5gbB3QZbg==",
          "requires": {
            "@oclif/errors": "^1.2.2",
            "@oclif/parser": "^3.6.1",
            "debug": "^4.1.0",
            "semver": "^5.6.0"
          },
          "dependencies": {
            "debug": {
              "version": "4.1.0",
              "resolved": "https://registry.npmjs.org/debug/-/debug-4.1.0.tgz",
              "integrity": "sha512-heNPJUJIqC+xB6ayLAMHaIrmN9HKa7aQO8MGqKpvCA+uJYVcvR6l5kgdrhRuwPFHU7P5/A1w0BjByPHwpfTDKg==",
              "requires": {
                "ms": "^2.1.1"
              }
            }
          }
        },
        "@oclif/config": {
          "version": "1.8.8",
          "resolved": "https://registry.npmjs.org/@oclif/config/-/config-1.8.8.tgz",
          "integrity": "sha512-W+cethXtyFT34JlwzWYVEGNt64vaU9mYI/GYb3ELM+FJIk+N9KGMBNvqiE/MUoiWpvsj5GufrIA8XES7inCVAQ==",
          "requires": {
            "debug": "^4.1.0",
            "tslib": "^1.9.3"
          },
          "dependencies": {
            "debug": {
              "version": "4.1.0",
              "resolved": "https://registry.npmjs.org/debug/-/debug-4.1.0.tgz",
              "integrity": "sha512-heNPJUJIqC+xB6ayLAMHaIrmN9HKa7aQO8MGqKpvCA+uJYVcvR6l5kgdrhRuwPFHU7P5/A1w0BjByPHwpfTDKg==",
              "requires": {
                "ms": "^2.1.1"
              }
            }
          }
        },
        "chalk": {
          "version": "2.4.1",
          "resolved": "https://registry.npmjs.org/chalk/-/chalk-2.4.1.tgz",
          "integrity": "sha512-ObN6h1v2fTJSmUXoS3nMQ92LbDK9be4TV+6G+omQlGJFdcUX5heKi1LZ1YnRMIgwTLEj3E24bT6tYni50rlCfQ==",
          "requires": {
            "ansi-styles": "^3.2.1",
            "escape-string-regexp": "^1.0.5",
            "supports-color": "^5.3.0"
          }
        },
        "clean-stack": {
          "version": "2.0.0",
          "resolved": "https://registry.npmjs.org/clean-stack/-/clean-stack-2.0.0.tgz",
          "integrity": "sha512-VEoL9Qh7I8s8iHnV53DaeWSt8NJ0g3khMfK6NiCPB7H657juhro+cSw2O88uo3bo0c0X5usamtXk0/Of0wXa5A=="
        },
        "cli-ux": {
          "version": "4.9.3",
          "resolved": "https://registry.npmjs.org/cli-ux/-/cli-ux-4.9.3.tgz",
          "integrity": "sha512-/1owvF0SZ5Gn54cgrikJ0QskgTzeg30HGjkmjFoaHDJzAqFpuX1DBpFR8aLvsE1J5s9MgeYRENQK4BFwOag5VA==",
          "requires": {
            "@oclif/errors": "^1.2.2",
            "@oclif/linewrap": "^1.0.0",
            "@oclif/screen": "^1.0.3",
            "ansi-escapes": "^3.1.0",
            "ansi-styles": "^3.2.1",
            "cardinal": "^2.1.1",
            "chalk": "^2.4.1",
            "clean-stack": "^2.0.0",
            "extract-stack": "^1.0.0",
            "fs-extra": "^7.0.0",
            "hyperlinker": "^1.0.0",
            "indent-string": "^3.2.0",
            "is-wsl": "^1.1.0",
            "lodash": "^4.17.11",
            "password-prompt": "^1.0.7",
            "semver": "^5.6.0",
            "strip-ansi": "^5.0.0",
            "supports-color": "^5.5.0",
            "supports-hyperlinks": "^1.0.1",
            "treeify": "^1.1.0",
            "tslib": "^1.9.3"
          },
          "dependencies": {
            "fs-extra": {
              "version": "7.0.0",
              "resolved": "https://registry.npmjs.org/fs-extra/-/fs-extra-7.0.0.tgz",
              "integrity": "sha512-EglNDLRpmaTWiD/qraZn6HREAEAHJcJOmxNEYwq6xeMKnVMAy3GUcFB+wXt2C6k4CNvB/mP1y/U3dzvKKj5OtQ==",
              "requires": {
                "graceful-fs": "^4.1.2",
                "jsonfile": "^4.0.0",
                "universalify": "^0.1.0"
              }
            }
          }
        },
        "lodash": {
          "version": "4.17.11",
          "resolved": "https://registry.npmjs.org/lodash/-/lodash-4.17.11.tgz",
          "integrity": "sha512-cQKh8igo5QUhZ7lg38DYWAxMvjSAKG0A8wGSVimP07SIUEK2UO+arSRKbRZWtelMtN5V0Hkwh5ryOto/SshYIg=="
        }
      }
    },
    "@oclif/plugin-plugins": {
      "version": "1.7.2",
      "resolved": "https://registry.npmjs.org/@oclif/plugin-plugins/-/plugin-plugins-1.7.2.tgz",
      "integrity": "sha512-cmYu9GA4/MGGzfAb4w56xHnXusnkLTzmORSTHKgpRsf5rVCXk1hA7EE4+SxBWAl44GDyBuUlU+lqk0pK+WveYQ==",
      "requires": {
        "@oclif/color": "^0.0.0",
        "@oclif/command": "^1.5.3",
        "chalk": "^2.4.1",
        "cli-ux": "^4.9.0",
        "debug": "^4.1.0",
        "fs-extra": "^7.0.0",
        "http-call": "^5.2.2",
        "load-json-file": "^5.1.0",
        "npm-run-path": "^2.0.2",
        "semver": "^5.6.0",
        "tslib": "^1.9.3",
        "yarn": "^1.10.1"
      },
      "dependencies": {
        "@oclif/command": {
          "version": "1.5.4",
          "resolved": "https://registry.npmjs.org/@oclif/command/-/command-1.5.4.tgz",
          "integrity": "sha512-R76o9r2nMYLmpiRyEGDyIlwWIs5n+7aL6TncnqHCtjk990bN4ax5GyKf1S/+vw+2GswwOzNJ/wvxy5gbB3QZbg==",
          "requires": {
            "@oclif/errors": "^1.2.2",
            "@oclif/parser": "^3.6.1",
            "debug": "^4.1.0",
            "semver": "^5.6.0"
          }
        },
        "chalk": {
          "version": "2.4.1",
          "resolved": "https://registry.npmjs.org/chalk/-/chalk-2.4.1.tgz",
          "integrity": "sha512-ObN6h1v2fTJSmUXoS3nMQ92LbDK9be4TV+6G+omQlGJFdcUX5heKi1LZ1YnRMIgwTLEj3E24bT6tYni50rlCfQ==",
          "requires": {
            "ansi-styles": "^3.2.1",
            "escape-string-regexp": "^1.0.5",
            "supports-color": "^5.3.0"
          }
        },
        "clean-stack": {
          "version": "2.0.0",
          "resolved": "https://registry.npmjs.org/clean-stack/-/clean-stack-2.0.0.tgz",
          "integrity": "sha512-VEoL9Qh7I8s8iHnV53DaeWSt8NJ0g3khMfK6NiCPB7H657juhro+cSw2O88uo3bo0c0X5usamtXk0/Of0wXa5A=="
        },
        "cli-ux": {
          "version": "4.9.3",
          "resolved": "https://registry.npmjs.org/cli-ux/-/cli-ux-4.9.3.tgz",
          "integrity": "sha512-/1owvF0SZ5Gn54cgrikJ0QskgTzeg30HGjkmjFoaHDJzAqFpuX1DBpFR8aLvsE1J5s9MgeYRENQK4BFwOag5VA==",
          "requires": {
            "@oclif/errors": "^1.2.2",
            "@oclif/linewrap": "^1.0.0",
            "@oclif/screen": "^1.0.3",
            "ansi-escapes": "^3.1.0",
            "ansi-styles": "^3.2.1",
            "cardinal": "^2.1.1",
            "chalk": "^2.4.1",
            "clean-stack": "^2.0.0",
            "extract-stack": "^1.0.0",
            "fs-extra": "^7.0.0",
            "hyperlinker": "^1.0.0",
            "indent-string": "^3.2.0",
            "is-wsl": "^1.1.0",
            "lodash": "^4.17.11",
            "password-prompt": "^1.0.7",
            "semver": "^5.6.0",
            "strip-ansi": "^5.0.0",
            "supports-color": "^5.5.0",
            "supports-hyperlinks": "^1.0.1",
            "treeify": "^1.1.0",
            "tslib": "^1.9.3"
          }
        },
        "debug": {
          "version": "4.1.0",
          "resolved": "https://registry.npmjs.org/debug/-/debug-4.1.0.tgz",
          "integrity": "sha512-heNPJUJIqC+xB6ayLAMHaIrmN9HKa7aQO8MGqKpvCA+uJYVcvR6l5kgdrhRuwPFHU7P5/A1w0BjByPHwpfTDKg==",
          "requires": {
            "ms": "^2.1.1"
          }
        },
        "fs-extra": {
          "version": "7.0.0",
          "resolved": "https://registry.npmjs.org/fs-extra/-/fs-extra-7.0.0.tgz",
          "integrity": "sha512-EglNDLRpmaTWiD/qraZn6HREAEAHJcJOmxNEYwq6xeMKnVMAy3GUcFB+wXt2C6k4CNvB/mP1y/U3dzvKKj5OtQ==",
          "requires": {
            "graceful-fs": "^4.1.2",
            "jsonfile": "^4.0.0",
            "universalify": "^0.1.0"
          }
        },
        "lodash": {
          "version": "4.17.11",
          "resolved": "https://registry.npmjs.org/lodash/-/lodash-4.17.11.tgz",
          "integrity": "sha512-cQKh8igo5QUhZ7lg38DYWAxMvjSAKG0A8wGSVimP07SIUEK2UO+arSRKbRZWtelMtN5V0Hkwh5ryOto/SshYIg=="
        }
      }
    },
    "@oclif/screen": {
      "version": "1.0.4",
      "resolved": "https://registry.npmjs.org/@oclif/screen/-/screen-1.0.4.tgz",
      "integrity": "sha512-60CHpq+eqnTxLZQ4PGHYNwUX572hgpMHGPtTWMjdTMsAvlm69lZV/4ly6O3sAYkomo4NggGcomrDpBe34rxUqw=="
    },
    "@types/fs-extra": {
      "version": "5.0.4",
      "resolved": "https://registry.npmjs.org/@types/fs-extra/-/fs-extra-5.0.4.tgz",
      "integrity": "sha512-DsknoBvD8s+RFfSGjmERJ7ZOP1HI0UZRA3FSI+Zakhrc/Gy26YQsLI+m5V5DHxroHRJqCDLKJp7Hixn8zyaF7g==",
      "requires": {
        "@types/node": "*"
      }
    },
    "@types/node": {
      "version": "10.12.2",
      "resolved": "https://registry.npmjs.org/@types/node/-/node-10.12.2.tgz",
      "integrity": "sha512-53ElVDSnZeFUUFIYzI8WLQ25IhWzb6vbddNp8UHlXQyU0ET2RhV5zg0NfubzU7iNMh5bBXb0htCzfvrSVNgzaQ=="
    },
    "ansi-escapes": {
      "version": "3.1.0",
      "resolved": "https://registry.npmjs.org/ansi-escapes/-/ansi-escapes-3.1.0.tgz",
      "integrity": "sha512-UgAb8H9D41AQnu/PbWlCofQVcnV4Gs2bBJi9eZPxfU/hgglFh3SMDMENRIqdr7H6XFnXdoknctFByVsCOotTVw=="
    },
    "ansi-regex": {
      "version": "4.0.0",
      "resolved": "https://registry.npmjs.org/ansi-regex/-/ansi-regex-4.0.0.tgz",
      "integrity": "sha512-iB5Dda8t/UqpPI/IjsejXu5jOGDrzn41wJyljwPH65VCIbk6+1BzFIMJGFwTNrYXT1CrD+B4l19U7awiQ8rk7w=="
    },
    "ansi-styles": {
      "version": "3.2.1",
      "resolved": "https://registry.npmjs.org/ansi-styles/-/ansi-styles-3.2.1.tgz",
      "integrity": "sha512-VT0ZI6kZRdTh8YyJw3SMbYm/u+NqfsAxEpWO0Pf9sq8/e94WxxOpPKx9FR1FlyCtOVDNOQ+8ntlqFxiRc+r5qA==",
      "requires": {
        "color-convert": "^1.9.0"
      }
    },
    "ansicolors": {
      "version": "0.3.2",
      "resolved": "https://registry.npmjs.org/ansicolors/-/ansicolors-0.3.2.tgz",
      "integrity": "sha1-ZlWX3oap/+Oqm/vmyuXG6kJrSXk="
    },
    "balanced-match": {
      "version": "1.0.0",
      "resolved": "https://registry.npmjs.org/balanced-match/-/balanced-match-1.0.0.tgz",
      "integrity": "sha1-ibTRmasr7kneFk6gK4nORi1xt2c="
    },
    "brace-expansion": {
      "version": "1.1.11",
      "resolved": "https://registry.npmjs.org/brace-expansion/-/brace-expansion-1.1.11.tgz",
      "integrity": "sha512-iCuPHDFgrHX7H2vEI/5xpz07zSHB00TpugqhmYtVmMO6518mCuRMoOYFldEBl0g187ufozdaHgWKcYFb61qGiA==",
      "requires": {
        "balanced-match": "^1.0.0",
        "concat-map": "0.0.1"
      }
    },
    "cardinal": {
      "version": "2.1.1",
      "resolved": "https://registry.npmjs.org/cardinal/-/cardinal-2.1.1.tgz",
      "integrity": "sha1-fMEFXYItISlU0HsIXeolHMe8VQU=",
      "requires": {
        "ansicolors": "~0.3.2",
        "redeyed": "~2.1.0"
      }
    },
    "clean-stack": {
      "version": "1.3.0",
      "resolved": "https://registry.npmjs.org/clean-stack/-/clean-stack-1.3.0.tgz",
      "integrity": "sha1-noIVAa6XmYbEax1m0tQy2y/UrjE="
    },
    "color-convert": {
      "version": "1.9.3",
      "resolved": "https://registry.npmjs.org/color-convert/-/color-convert-1.9.3.tgz",
      "integrity": "sha512-QfAUtd+vFdAtFQcC8CCyYt1fYWxSqAiK2cSD6zDB8N3cpsEBAvRxp9zOGg6G/SHHJYAT88/az/IuDGALsNVbGg==",
      "requires": {
        "color-name": "1.1.3"
      }
    },
    "color-name": {
      "version": "1.1.3",
      "resolved": "https://registry.npmjs.org/color-name/-/color-name-1.1.3.tgz",
      "integrity": "sha1-p9BVi9icQveV3UIyj3QIMcpTvCU="
    },
    "concat-map": {
      "version": "0.0.1",
      "resolved": "https://registry.npmjs.org/concat-map/-/concat-map-0.0.1.tgz",
      "integrity": "sha1-2Klr13/Wjfd5OnMDajug1UBdR3s="
    },
    "content-type": {
      "version": "1.0.4",
      "resolved": "https://registry.npmjs.org/content-type/-/content-type-1.0.4.tgz",
      "integrity": "sha512-hIP3EEPs8tB9AT1L+NUqtwOAps4mk2Zob89MWXMHjHWg9milF/j4osnnQLXBCBFBk/tvIG/tUc9mOUJiPBhPXA=="
    },
    "cross-spawn": {
      "version": "6.0.5",
      "resolved": "https://registry.npmjs.org/cross-spawn/-/cross-spawn-6.0.5.tgz",
      "integrity": "sha512-eTVLrBSt7fjbDygz805pMnstIs2VTBNkRm0qxZd+M7A5XDdxVRWO5MxGBXZhjY4cqLYLdtrGqRf8mBPmzwSpWQ==",
      "requires": {
        "nice-try": "^1.0.4",
        "path-key": "^2.0.1",
        "semver": "^5.5.0",
        "shebang-command": "^1.2.0",
        "which": "^1.2.9"
      }
    },
    "debug": {
      "version": "3.2.6",
      "resolved": "https://registry.npmjs.org/debug/-/debug-3.2.6.tgz",
      "integrity": "sha512-mel+jf7nrtEl5Pn1Qx46zARXKDpBbvzezse7p7LqINmdoIk8PYP5SySaxEmYv6TZ0JyEKA1hsCId6DIhgITtWQ==",
      "requires": {
        "ms": "^2.1.1"
      }
    },
    "error-ex": {
      "version": "1.3.2",
      "resolved": "https://registry.npmjs.org/error-ex/-/error-ex-1.3.2.tgz",
      "integrity": "sha512-7dFHNmqeFSEt2ZBsCriorKnn3Z2pj+fd9kmI6QoWw4//DL+icEBfc0U7qJCisqrTsKTjw4fNFy2pW9OqStD84g==",
      "requires": {
        "is-arrayish": "^0.2.1"
      }
    },
    "escape-string-regexp": {
      "version": "1.0.5",
      "resolved": "https://registry.npmjs.org/escape-string-regexp/-/escape-string-regexp-1.0.5.tgz",
      "integrity": "sha1-G2HAViGQqN/2rjuyzwIAyhMLhtQ="
    },
    "esprima": {
      "version": "4.0.1",
      "resolved": "https://registry.npmjs.org/esprima/-/esprima-4.0.1.tgz",
      "integrity": "sha512-eGuFFw7Upda+g4p+QHvnW0RyTX/SVeJBDM/gCtMARO0cLuT2HcEKnTPvhjV6aGeqrCB/sbNop0Kszm0jsaWU4A=="
    },
    "extract-stack": {
      "version": "1.0.0",
      "resolved": "https://registry.npmjs.org/extract-stack/-/extract-stack-1.0.0.tgz",
      "integrity": "sha1-uXrK+UQe6iMyUpYktzL8WhyBZfo="
    },
    "fs-extra": {
      "version": "6.0.1",
      "resolved": "https://registry.npmjs.org/fs-extra/-/fs-extra-6.0.1.tgz",
      "integrity": "sha512-GnyIkKhhzXZUWFCaJzvyDLEEgDkPfb4/TPvJCJVuS8MWZgoSsErf++QpiAlDnKFcqhRlm+tIOcencCjyJE6ZCA==",
      "requires": {
        "graceful-fs": "^4.1.2",
        "jsonfile": "^4.0.0",
        "universalify": "^0.1.0"
      }
    },
    "fs.realpath": {
      "version": "1.0.0",
      "resolved": "https://registry.npmjs.org/fs.realpath/-/fs.realpath-1.0.0.tgz",
      "integrity": "sha1-FQStJSMVjKpA20onh8sBQRmU6k8="
    },
    "gaze": {
      "version": "1.1.3",
      "resolved": "https://registry.npmjs.org/gaze/-/gaze-1.1.3.tgz",
      "integrity": "sha512-BRdNm8hbWzFzWHERTrejLqwHDfS4GibPoq5wjTPIoJHoBtKGPg3xAFfxmM+9ztbXelxcf2hwQcaz1PtmFeue8g==",
      "requires": {
        "globule": "^1.0.0"
      }
    },
    "globule": {
      "version": "1.2.1",
      "resolved": "https://registry.npmjs.org/globule/-/globule-1.2.1.tgz",
      "integrity": "sha512-g7QtgWF4uYSL5/dn71WxubOrS7JVGCnFPEnoeChJmBnyR9Mw8nGoEwOgJL/RC2Te0WhbsEUCejfH8SZNJ+adYQ==",
      "requires": {
        "glob": "~7.1.1",
        "lodash": "~4.17.10",
        "minimatch": "~3.0.2"
      },
      "dependencies": {
        "glob": {
          "version": "7.1.3",
          "resolved": "https://registry.npmjs.org/glob/-/glob-7.1.3.tgz",
          "integrity": "sha512-vcfuiIxogLV4DlGBHIUOwI0IbrJ8HWPc4MU7HzviGeNho/UJDfi6B5p3sHeWIQ0KGIU0Jpxi5ZHxemQfLkkAwQ==",
          "requires": {
            "fs.realpath": "^1.0.0",
            "inflight": "^1.0.4",
            "inherits": "2",
            "minimatch": "^3.0.4",
            "once": "^1.3.0",
            "path-is-absolute": "^1.0.0"
          }
        },
        "lodash": {
          "version": "4.17.11",
          "resolved": "https://registry.npmjs.org/lodash/-/lodash-4.17.11.tgz",
          "integrity": "sha512-cQKh8igo5QUhZ7lg38DYWAxMvjSAKG0A8wGSVimP07SIUEK2UO+arSRKbRZWtelMtN5V0Hkwh5ryOto/SshYIg=="
        }
      }
    },
    "graceful-fs": {
      "version": "4.1.14",
      "resolved": "https://registry.npmjs.org/graceful-fs/-/graceful-fs-4.1.14.tgz",
      "integrity": "sha512-ns/IGcSmmGNPP085JCheg0Nombh1QPvSCnlx+2V+byQWRQEIL4ZB5jXJMNIHOFVS1roi85HIi5Ka0h43iWXfcQ=="
    },
    "has-flag": {
      "version": "3.0.0",
      "resolved": "https://registry.npmjs.org/has-flag/-/has-flag-3.0.0.tgz",
      "integrity": "sha1-tdRU3CGZriJWmfNGfloH87lVuv0="
    },
    "http-call": {
      "version": "5.2.2",
      "resolved": "https://registry.npmjs.org/http-call/-/http-call-5.2.2.tgz",
      "integrity": "sha512-DMEU+vvbrvt7n1BYPacbvtSwUmIgORP7HphTmKFqt1wBVeGi/+ADe7KkfyKAcnpa9HEoVaPWdfpOKy7fNeLdiw==",
      "requires": {
        "content-type": "^1.0.4",
        "debug": "^3.1.0",
        "is-retry-allowed": "^1.1.0",
        "is-stream": "^1.1.0",
        "tunnel-agent": "^0.6.0"
      }
    },
    "hyperlinker": {
      "version": "1.0.0",
      "resolved": "https://registry.npmjs.org/hyperlinker/-/hyperlinker-1.0.0.tgz",
      "integrity": "sha512-Ty8UblRWFEcfSuIaajM34LdPXIhbs1ajEX/BBPv24J+enSVaEVY63xQ6lTO9VRYS5LAoghIG0IDJ+p+IPzKUQQ=="
    },
    "indent-string": {
      "version": "3.2.0",
      "resolved": "https://registry.npmjs.org/indent-string/-/indent-string-3.2.0.tgz",
      "integrity": "sha1-Sl/W0nzDMvN+VBmlBNu4NxBckok="
    },
    "inflight": {
      "version": "1.0.6",
      "resolved": "https://registry.npmjs.org/inflight/-/inflight-1.0.6.tgz",
      "integrity": "sha1-Sb1jMdfQLQwJvJEKEHW6gWW1bfk=",
      "requires": {
        "once": "^1.3.0",
        "wrappy": "1"
      }
    },
    "inherits": {
      "version": "2.0.3",
      "resolved": "https://registry.npmjs.org/inherits/-/inherits-2.0.3.tgz",
      "integrity": "sha1-Yzwsg+PaQqUC9SRmAiSA9CCCYd4="
    },
    "is-arrayish": {
      "version": "0.2.1",
      "resolved": "https://registry.npmjs.org/is-arrayish/-/is-arrayish-0.2.1.tgz",
      "integrity": "sha1-d8mYQFJ6qOyxqLppe4BkWnqSap0="
    },
    "is-fullwidth-code-point": {
      "version": "2.0.0",
      "resolved": "https://registry.npmjs.org/is-fullwidth-code-point/-/is-fullwidth-code-point-2.0.0.tgz",
      "integrity": "sha1-o7MKXE8ZkYMWeqq5O+764937ZU8="
    },
    "is-retry-allowed": {
      "version": "1.1.0",
      "resolved": "https://registry.npmjs.org/is-retry-allowed/-/is-retry-allowed-1.1.0.tgz",
      "integrity": "sha1-EaBgVotnM5REAz0BJaYaINVk+zQ="
    },
    "is-stream": {
      "version": "1.1.0",
      "resolved": "https://registry.npmjs.org/is-stream/-/is-stream-1.1.0.tgz",
      "integrity": "sha1-EtSj3U5o4Lec6428hBc66A2RykQ="
    },
    "is-wsl": {
      "version": "1.1.0",
      "resolved": "https://registry.npmjs.org/is-wsl/-/is-wsl-1.1.0.tgz",
      "integrity": "sha1-HxbkqiKwTRM2tmGIpmrzxgDDpm0="
    },
    "isexe": {
      "version": "2.0.0",
      "resolved": "https://registry.npmjs.org/isexe/-/isexe-2.0.0.tgz",
      "integrity": "sha1-6PvzdNxVb/iUehDcsFctYz8s+hA="
    },
    "json-parse-better-errors": {
      "version": "1.0.2",
      "resolved": "https://registry.npmjs.org/json-parse-better-errors/-/json-parse-better-errors-1.0.2.tgz",
      "integrity": "sha512-mrqyZKfX5EhL7hvqcV6WG1yYjnjeuYDzDhhcAAUrq8Po85NBQBJP+ZDUT75qZQ98IkUoBqdkExkukOU7Ts2wrw=="
    },
    "jsonfile": {
      "version": "4.0.0",
      "resolved": "https://registry.npmjs.org/jsonfile/-/jsonfile-4.0.0.tgz",
      "integrity": "sha1-h3Gq4HmbZAdrdmQPygWPnBDjPss=",
      "requires": {
        "graceful-fs": "^4.1.6"
      }
    },
    "load-json-file": {
      "version": "5.1.0",
      "resolved": "https://registry.npmjs.org/load-json-file/-/load-json-file-5.1.0.tgz",
      "integrity": "sha512-+ggO8OpTviHQ/zoyFxLJglsu1CylXUt1vpGa+mIUeesCkTC0G+JO6rdTS1/WcGBZDC7Nejo1aZ9MxbqflpmO6Q==",
      "requires": {
        "graceful-fs": "^4.1.2",
        "parse-json": "^4.0.0",
        "pify": "^3.0.0",
        "strip-bom": "^3.0.0"
      }
    },
    "minimatch": {
      "version": "3.0.4",
      "resolved": "https://registry.npmjs.org/minimatch/-/minimatch-3.0.4.tgz",
      "integrity": "sha512-yJHVQEhyqPLUTgt9B83PXu6W3rx4MvvHvSUvToogpwoGDOUQ+yDrR0HRot+yOCdCO7u4hX3pWft6kWBBcqh0UA==",
      "requires": {
        "brace-expansion": "^1.1.7"
      }
    },
    "mock-fs": {
      "version": "4.7.0",
      "resolved": "https://registry.npmjs.org/mock-fs/-/mock-fs-4.7.0.tgz",
      "integrity": "sha512-WlQNtUlzMRpvLHf8dqeUmNqfdPjGY29KrJF50Ldb4AcL+vQeR8QH3wQcFMgrhTwb1gHjZn9xggho+84tBskLgA==",
      "dev": true
    },
    "moment": {
      "version": "2.22.2",
      "resolved": "https://registry.npmjs.org/moment/-/moment-2.22.2.tgz",
      "integrity": "sha1-PCV/mDn8DpP/UxSWMiOeuQeD/2Y="
    },
    "ms": {
      "version": "2.1.1",
      "resolved": "https://registry.npmjs.org/ms/-/ms-2.1.1.tgz",
      "integrity": "sha512-tgp+dl5cGk28utYktBsrFqA7HKgrhgPsg6Z/EfhWI4gl1Hwq8B/GmY/0oXZ6nF8hDVesS/FpnYaD/kOWhYQvyg=="
    },
    "nice-try": {
      "version": "1.0.5",
      "resolved": "https://registry.npmjs.org/nice-try/-/nice-try-1.0.5.tgz",
      "integrity": "sha512-1nh45deeb5olNY7eX82BkPO7SSxR5SSYJiPTrTdFUVYwAl8CKMA5N9PjTYkHiRjisVcxcQ1HXdLhx2qxxJzLNQ=="
    },
    "npm-run-path": {
      "version": "2.0.2",
      "resolved": "https://registry.npmjs.org/npm-run-path/-/npm-run-path-2.0.2.tgz",
      "integrity": "sha1-NakjLfo11wZ7TLLd8jV7GHFTbF8=",
      "requires": {
        "path-key": "^2.0.0"
      }
    },
    "once": {
      "version": "1.4.0",
      "resolved": "https://registry.npmjs.org/once/-/once-1.4.0.tgz",
      "integrity": "sha1-WDsap3WWHUsROsF9nFC6753Xa9E=",
      "requires": {
        "wrappy": "1"
      }
    },
    "parse-json": {
      "version": "4.0.0",
      "resolved": "https://registry.npmjs.org/parse-json/-/parse-json-4.0.0.tgz",
      "integrity": "sha1-vjX1Qlvh9/bHRxhPmKeIy5lHfuA=",
      "requires": {
        "error-ex": "^1.3.1",
        "json-parse-better-errors": "^1.0.1"
      }
    },
    "password-prompt": {
      "version": "1.0.7",
      "resolved": "https://registry.npmjs.org/password-prompt/-/password-prompt-1.0.7.tgz",
      "integrity": "sha1-jid0jTQAvJyRQNWt5wXft6632Ro=",
      "requires": {
        "ansi-escapes": "^3.1.0",
        "cross-spawn": "^6.0.5"
      }
    },
    "path-is-absolute": {
      "version": "1.0.1",
      "resolved": "https://registry.npmjs.org/path-is-absolute/-/path-is-absolute-1.0.1.tgz",
      "integrity": "sha1-F0uSaHNVNP+8es5r9TpanhtcX18="
    },
    "path-key": {
      "version": "2.0.1",
      "resolved": "https://registry.npmjs.org/path-key/-/path-key-2.0.1.tgz",
      "integrity": "sha1-QRyttXTFoUDTpLGRDUDYDMn0C0A="
    },
    "pify": {
      "version": "3.0.0",
      "resolved": "https://registry.npmjs.org/pify/-/pify-3.0.0.tgz",
      "integrity": "sha1-5aSs0sEB/fPZpNB/DbxNtJ3SgXY="
    },
    "redeyed": {
      "version": "2.1.1",
      "resolved": "https://registry.npmjs.org/redeyed/-/redeyed-2.1.1.tgz",
      "integrity": "sha1-iYS1gV2ZyyIEacme7v/jiRPmzAs=",
      "requires": {
        "esprima": "~4.0.0"
      }
    },
    "safe-buffer": {
      "version": "5.1.2",
      "resolved": "https://registry.npmjs.org/safe-buffer/-/safe-buffer-5.1.2.tgz",
      "integrity": "sha512-Gd2UZBJDkXlY7GbJxfsE8/nvKkUEU1G38c1siN6QP6a9PT9MmHB8GnpscSmMJSoF8LOIrt8ud/wPtojys4G6+g=="
    },
    "semver": {
      "version": "5.6.0",
      "resolved": "https://registry.npmjs.org/semver/-/semver-5.6.0.tgz",
      "integrity": "sha512-RS9R6R35NYgQn++fkDWaOmqGoj4Ek9gGs+DPxNUZKuwE183xjJroKvyo1IzVFeXvUrvmALy6FWD5xrdJT25gMg=="
    },
    "shebang-command": {
      "version": "1.2.0",
      "resolved": "https://registry.npmjs.org/shebang-command/-/shebang-command-1.2.0.tgz",
      "integrity": "sha1-RKrGW2lbAzmJaMOfNj/uXer98eo=",
      "requires": {
        "shebang-regex": "^1.0.0"
      }
    },
    "shebang-regex": {
      "version": "1.0.0",
      "resolved": "https://registry.npmjs.org/shebang-regex/-/shebang-regex-1.0.0.tgz",
      "integrity": "sha1-2kL0l0DAtC2yypcoVxyxkMmO/qM="
    },
    "string-width": {
      "version": "2.1.1",
      "resolved": "https://registry.npmjs.org/string-width/-/string-width-2.1.1.tgz",
      "integrity": "sha512-nOqH59deCq9SRHlxq1Aw85Jnt4w6KvLKqWVik6oA9ZklXLNIOlqg4F2yrT1MVaTjAqvVwdfeZ7w7aCvJD7ugkw==",
      "requires": {
        "is-fullwidth-code-point": "^2.0.0",
        "strip-ansi": "^4.0.0"
      },
      "dependencies": {
        "ansi-regex": {
          "version": "3.0.0",
          "resolved": "https://registry.npmjs.org/ansi-regex/-/ansi-regex-3.0.0.tgz",
          "integrity": "sha1-7QMXwyIGT3lGbAKWa922Bas32Zg="
        },
        "strip-ansi": {
          "version": "4.0.0",
          "resolved": "https://registry.npmjs.org/strip-ansi/-/strip-ansi-4.0.0.tgz",
          "integrity": "sha1-qEeQIusaw2iocTibY1JixQXuNo8=",
          "requires": {
            "ansi-regex": "^3.0.0"
          }
        }
      }
    },
    "strip-ansi": {
      "version": "5.0.0",
      "resolved": "https://registry.npmjs.org/strip-ansi/-/strip-ansi-5.0.0.tgz",
      "integrity": "sha512-Uu7gQyZI7J7gn5qLn1Np3G9vcYGTVqB+lFTytnDJv83dd8T22aGH451P3jueT2/QemInJDfxHB5Tde5OzgG1Ow==",
      "requires": {
        "ansi-regex": "^4.0.0"
      }
    },
    "strip-bom": {
      "version": "3.0.0",
      "resolved": "https://registry.npmjs.org/strip-bom/-/strip-bom-3.0.0.tgz",
      "integrity": "sha1-IzTBjpx1n3vdVv3vfprj1YjmjtM="
    },
    "supports-color": {
      "version": "5.5.0",
      "resolved": "https://registry.npmjs.org/supports-color/-/supports-color-5.5.0.tgz",
      "integrity": "sha512-QjVjwdXIt408MIiAqCX4oUKsgU2EqAGzs2Ppkm4aQYbjm+ZEWEcW4SfFNTr4uMNZma0ey4f5lgLrkB0aX0QMow==",
      "requires": {
        "has-flag": "^3.0.0"
      }
    },
    "supports-hyperlinks": {
      "version": "1.0.1",
      "resolved": "https://registry.npmjs.org/supports-hyperlinks/-/supports-hyperlinks-1.0.1.tgz",
      "integrity": "sha512-HHi5kVSefKaJkGYXbDuKbUGRVxqnWGn3J2e39CYcNJEfWciGq2zYtOhXLTlvrOZW1QU7VX67w7fMmWafHX9Pfw==",
      "requires": {
        "has-flag": "^2.0.0",
        "supports-color": "^5.0.0"
      },
      "dependencies": {
        "has-flag": {
          "version": "2.0.0",
          "resolved": "https://registry.npmjs.org/has-flag/-/has-flag-2.0.0.tgz",
          "integrity": "sha1-6CB68cx7MNRGzHC3NLXovhj4jVE="
        }
      }
    },
    "treeify": {
      "version": "1.1.0",
      "resolved": "https://registry.npmjs.org/treeify/-/treeify-1.1.0.tgz",
      "integrity": "sha512-1m4RA7xVAJrSGrrXGs0L3YTwyvBs2S8PbRHaLZAkFw7JR8oIFwYtysxlBZhYIa7xSyiYJKZ3iGrrk55cGA3i9A=="
    },
    "tslib": {
      "version": "1.9.3",
      "resolved": "https://registry.npmjs.org/tslib/-/tslib-1.9.3.tgz",
      "integrity": "sha512-4krF8scpejhaOgqzBEcGM7yDIEfi0/8+8zDRZhNZZ2kjmHJ4hv3zCbQWxoJGz1iw5U0Jl0nma13xzHXcncMavQ=="
    },
    "tty": {
      "version": "1.0.1",
      "resolved": "https://registry.npmjs.org/tty/-/tty-1.0.1.tgz",
      "integrity": "sha1-5ECayYsN0cULWf846G6sPwdk7kU="
    },
    "tunnel-agent": {
      "version": "0.6.0",
      "resolved": "https://registry.npmjs.org/tunnel-agent/-/tunnel-agent-0.6.0.tgz",
      "integrity": "sha1-J6XeoGs2sEoKmWZ3SykIaPD8QP0=",
      "requires": {
        "safe-buffer": "^5.0.1"
      }
    },
    "universalify": {
      "version": "0.1.2",
      "resolved": "https://registry.npmjs.org/universalify/-/universalify-0.1.2.tgz",
      "integrity": "sha512-rBJeI5CXAlmy1pV+617WB9J63U6XcazHHF2f2dbJix4XzpUF0RS3Zbj0FGIOCAva5P/d/GBOYaACQ1w+0azUkg=="
    },
    "vscode-uri": {
      "version": "1.0.6",
      "resolved": "https://registry.npmjs.org/vscode-uri/-/vscode-uri-1.0.6.tgz",
      "integrity": "sha512-sLI2L0uGov3wKVb9EB+vIQBl9tVP90nqRvxSoJ35vI3NjxE8jfsE5DSOhWgSunHSZmKS4OCi2jrtfxK7uyp2ww=="
    },
    "which": {
      "version": "1.3.1",
      "resolved": "https://registry.npmjs.org/which/-/which-1.3.1.tgz",
      "integrity": "sha512-HxJdYWq1MTIQbJ3nw0cqssHoTNU267KlrDuGZ1WYlxDStUtKUhOaJmh112/TZmHxxUfuJqPXSOm7tDyas0OSIQ==",
      "requires": {
        "isexe": "^2.0.0"
      }
    },
    "wrap-ansi": {
      "version": "4.0.0",
      "resolved": "https://registry.npmjs.org/wrap-ansi/-/wrap-ansi-4.0.0.tgz",
      "integrity": "sha512-uMTsj9rDb0/7kk1PbcbCcwvHUxp60fGDB/NNXpVa0Q+ic/e7y5+BwTxKfQ33VYgDppSwi/FBzpetYzo8s6tfbg==",
      "requires": {
        "ansi-styles": "^3.2.0",
        "string-width": "^2.1.1",
        "strip-ansi": "^4.0.0"
      },
      "dependencies": {
        "ansi-regex": {
          "version": "3.0.0",
          "resolved": "https://registry.npmjs.org/ansi-regex/-/ansi-regex-3.0.0.tgz",
          "integrity": "sha1-7QMXwyIGT3lGbAKWa922Bas32Zg="
        },
        "strip-ansi": {
          "version": "4.0.0",
          "resolved": "https://registry.npmjs.org/strip-ansi/-/strip-ansi-4.0.0.tgz",
          "integrity": "sha1-qEeQIusaw2iocTibY1JixQXuNo8=",
          "requires": {
            "ansi-regex": "^3.0.0"
          }
        }
      }
    },
    "wrappy": {
      "version": "1.0.2",
      "resolved": "https://registry.npmjs.org/wrappy/-/wrappy-1.0.2.tgz",
      "integrity": "sha1-tSQ9jz7BqjXxNkYFvA0QNuMKtp8="
    },
    "yarn": {
      "version": "1.12.1",
      "resolved": "https://registry.npmjs.org/yarn/-/yarn-1.12.1.tgz",
      "integrity": "sha512-vdVLrYWx73k4QR8ZpQQ3HJg/X8aAunjUHuPlADR/ogmZOhnqgAdETPz0e/Df+MW8Dno7F1dOxS5e3G6niobumw=="
    }
  }
}
